
Microsoft Visual Studio Solution File, Format Version 12.00
# Visual Studio 15
Project("{FAE04EC0-301F-11D3-BF4B-00C04F79EFBC}") = "Ruffles", "Ruffles\Ruffles.csproj", "{0360F8CC-E932-46DB-BE4C-DF9E5F76392C}"
EndProject
Project("{FAE04EC0-301F-11D3-BF4B-00C04F79EFBC}") = "Ruffles.Example", "Ruffles.Example\Ruffles.Example.csproj", "{A7D6CF7D-7E6E-4E2B-B5AE-63A4EBCC177E}"
EndProject
Global
	GlobalSection(SolutionConfigurationPlatforms) = preSolution
		Debug|Any CPU = Debug|Any CPU
		Release|Any CPU = Release|Any CPU
	EndGlobalSection
	GlobalSection(ProjectConfigurationPlatforms) = postSolution
		{0360F8CC-E932-46DB-BE4C-DF9E5F76392C}.Debug|Any CPU.ActiveCfg = Debug|Any CPU
		{0360F8CC-E932-46DB-BE4C-DF9E5F76392C}.Debug|Any CPU.Build.0 = Debug|Any CPU
		{0360F8CC-E932-46DB-BE4C-DF9E5F76392C}.Release|Any CPU.ActiveCfg = Release|Any CPU
		{0360F8CC-E932-46DB-BE4C-DF9E5F76392C}.Release|Any CPU.Build.0 = Release|Any CPU
		{A7D6CF7D-7E6E-4E2B-B5AE-63A4EBCC177E}.Debug|Any CPU.ActiveCfg = Debug|Any CPU
		{A7D6CF7D-7E6E-4E2B-B5AE-63A4EBCC177E}.Debug|Any CPU.Build.0 = Debug|Any CPU
		{A7D6CF7D-7E6E-4E2B-B5AE-63A4EBCC177E}.Release|Any CPU.ActiveCfg = Release|Any CPU
		{A7D6CF7D-7E6E-4E2B-B5AE-63A4EBCC177E}.Release|Any CPU.Build.0 = Release|Any CPU
	EndGlobalSection
EndGlobal
